
Microsoft Visual Studio Solution File, Format Version 12.00
# Visual Studio 15
VisualStudioVersion = 15.0.27703.2035
MinimumVisualStudioVersion = 10.0.40219.1
Project("{FAE04EC0-301F-11D3-BF4B-00C04F79EFBC}") = "practiceWeb", "practiceWeb\practiceWeb.csproj", "{C767299D-5E3A-4BB7-AA32-EF0D760A7A09}"
EndProject
Global
	GlobalSection(SolutionConfigurationPlatforms) = preSolution
		Debug|Any CPU = Debug|Any CPU
		Release|Any CPU = Release|Any CPU
	EndGlobalSection
	GlobalSection(ProjectConfigurationPlatforms) = postSolution
		{C767299D-5E3A-4BB7-AA32-EF0D760A7A09}.Debug|Any CPU.ActiveCfg = Debug|Any CPU
		{C767299D-5E3A-4BB7-AA32-EF0D760A7A09}.Debug|Any CPU.Build.0 = Debug|Any CPU
		{C767299D-5E3A-4BB7-AA32-EF0D760A7A09}.Release|Any CPU.ActiveCfg = Release|Any CPU
		{C767299D-5E3A-4BB7-AA32-EF0D760A7A09}.Release|Any CPU.Build.0 = Release|Any CPU
	EndGlobalSection
	GlobalSection(SolutionProperties) = preSolution
		HideSolutionNode = FALSE
	EndGlobalSection
	GlobalSection(ExtensibilityGlobals) = postSolution
		SolutionGuid = {F1DD97FE-7367-4012-A739-E5DE34138991}
	EndGlobalSection
EndGlobal
